
Microsoft Visual Studio Solution File, Format Version 12.00
# Visual Studio Version 16
VisualStudioVersion = 16.0.30104.148
MinimumVisualStudioVersion = 10.0.40219.1
Project("{FAE04EC0-301F-11D3-BF4B-00C04F79EFBC}") = "FarmaciaP3", "FarmaciaP3\FarmaciaP3.csproj", "{B6370BCB-8BAB-4AD5-AAA0-971DB3A15F10}"
EndProject
Global
	GlobalSection(SolutionConfigurationPlatforms) = preSolution
		Debug|Any CPU = Debug|Any CPU
		Release|Any CPU = Release|Any CPU
	EndGlobalSection
	GlobalSection(ProjectConfigurationPlatforms) = postSolution
		{B6370BCB-8BAB-4AD5-AAA0-971DB3A15F10}.Debug|Any CPU.ActiveCfg = Debug|Any CPU
		{B6370BCB-8BAB-4AD5-AAA0-971DB3A15F10}.Debug|Any CPU.Build.0 = Debug|Any CPU
		{B6370BCB-8BAB-4AD5-AAA0-971DB3A15F10}.Release|Any CPU.ActiveCfg = Release|Any CPU
		{B6370BCB-8BAB-4AD5-AAA0-971DB3A15F10}.Release|Any CPU.Build.0 = Release|Any CPU
	EndGlobalSection
	GlobalSection(SolutionProperties) = preSolution
		HideSolutionNode = FALSE
	EndGlobalSection
	GlobalSection(ExtensibilityGlobals) = postSolution
		SolutionGuid = {4FF02166-2D91-4075-AC52-D79ABE90CB9D}
	EndGlobalSection
EndGlobal
